// !$*UTF8*$!
{
	archiveVersion = 1;
	classes = {
	};
	objectVersion = 55;
	objects = {

/* Begin PBXBuildFile section */
		CD1C397527943FC2004390DF /* MissionView.swift in Sources */ = {isa = PBXBuildFile; fileRef = CD1C397427943FC2004390DF /* MissionView.swift */; };
		CD1C3977279457DF004390DF /* AstronautView.swift in Sources */ = {isa = PBXBuildFile; fileRef = CD1C3976279457DF004390DF /* AstronautView.swift */; };
		CD1C39792794A45E004390DF /* CrewView.swift in Sources */ = {isa = PBXBuildFile; fileRef = CD1C39782794A45E004390DF /* CrewView.swift */; };
		CD1C397D2794A5B4004390DF /* DividerView.swift in Sources */ = {isa = PBXBuildFile; fileRef = CD1C397C2794A5B4004390DF /* DividerView.swift */; };
		CDDACAC52793050200BE0C7C /* MoonshotApp.swift in Sources */ = {isa = PBXBuildFile; fileRef = CDDACAC42793050200BE0C7C /* MoonshotApp.swift */; };
		CDDACAC72793050200BE0C7C /* ContentView.swift in Sources */ = {isa = PBXBuildFile; fileRef = CDDACAC62793050200BE0C7C /* ContentView.swift */; };
		CDDACAC92793050400BE0C7C /* Assets.xcassets in Resources */ = {isa = PBXBuildFile; fileRef = CDDACAC82793050400BE0C7C /* Assets.xcassets */; };
		CDDACACC2793050400BE0C7C /* Preview Assets.xcassets in Resources */ = {isa = PBXBuildFile; fileRef = CDDACACB2793050400BE0C7C /* Preview Assets.xcassets */; };
		CDDACAD927934E7300BE0C7C /* Astronaut.swift in Sources */ = {isa = PBXBuildFile; fileRef = CDDACAD827934E7300BE0C7C /* Astronaut.swift */; };
		CDDACADB27934F1E00BE0C7C /* Bundle-Decodable.swift in Sources */ = {isa = PBXBuildFile; fileRef = CDDACADA27934F1E00BE0C7C /* Bundle-Decodable.swift */; };
		CDDACADD27935A6D00BE0C7C /* Mission.swift in Sources */ = {isa = PBXBuildFile; fileRef = CDDACADC27935A6D00BE0C7C /* Mission.swift */; };
		CDDACAE2279380B800BE0C7C /* astronauts.json in Resources */ = {isa = PBXBuildFile; fileRef = CDDACAE0279380B700BE0C7C /* astronauts.json */; };
		CDDACAE3279380B800BE0C7C /* missions.json in Resources */ = {isa = PBXBuildFile; fileRef = CDDACAE1279380B800BE0C7C /* missions.json */; };
		CDDACAE7279382B200BE0C7C /* Color-Theme.swift in Sources */ = {isa = PBXBuildFile; fileRef = CDDACAE6279382B200BE0C7C /* Color-Theme.swift */; };
/* End PBXBuildFile section */

/* Begin PBXFileReference section */
		CD1C397427943FC2004390DF /* MissionView.swift */ = {isa = PBXFileReference; lastKnownFileType = sourcecode.swift; path = MissionView.swift; sourceTree = "<group>"; };
		CD1C3976279457DF004390DF /* AstronautView.swift */ = {isa = PBXFileReference; lastKnownFileType = sourcecode.swift; path = AstronautView.swift; sourceTree = "<group>"; };
		CD1C39782794A45E004390DF /* CrewView.swift */ = {isa = PBXFileReference; lastKnownFileType = sourcecode.swift; path = CrewView.swift; sourceTree = "<group>"; };
		CD1C397C2794A5B4004390DF /* DividerView.swift */ = {isa = PBXFileReference; lastKnownFileType = sourcecode.swift; path = DividerView.swift; sourceTree = "<group>"; };
		CDDACAC12793050200BE0C7C /* Moonshot.app */ = {isa = PBXFileReference; explicitFileType = wrapper.application; includeInIndex = 0; path = Moonshot.app; sourceTree = BUILT_PRODUCTS_DIR; };
		CDDACAC42793050200BE0C7C /* MoonshotApp.swift */ = {isa = PBXFileReference; lastKnownFileType = sourcecode.swift; path = MoonshotApp.swift; sourceTree = "<group>"; };
		CDDACAC62793050200BE0C7C /* ContentView.swift */ = {isa = PBXFileReference; lastKnownFileType = sourcecode.swift; path = ContentView.swift; sourceTree = "<group>"; };
		CDDACAC82793050400BE0C7C /* Assets.xcassets */ = {isa = PBXFileReference; lastKnownFileType = folder.assetcatalog; path = Assets.xcassets; sourceTree = "<group>"; };
		CDDACACB2793050400BE0C7C /* Preview Assets.xcassets */ = {isa = PBXFileReference; lastKnownFileType = folder.assetcatalog; path = "Preview Assets.xcassets"; sourceTree = "<group>"; };
		CDDACAD827934E7300BE0C7C /* Astronaut.swift */ = {isa = PBXFileReference; lastKnownFileType = sourcecode.swift; path = Astronaut.swift; sourceTree = "<group>"; };
		CDDACADA27934F1E00BE0C7C /* Bundle-Decodable.swift */ = {isa = PBXFileReference; lastKnownFileType = sourcecode.swift; path = "Bundle-Decodable.swift"; sourceTree = "<group>"; };
		CDDACADC27935A6D00BE0C7C /* Mission.swift */ = {isa = PBXFileReference; lastKnownFileType = sourcecode.swift; path = Mission.swift; sourceTree = "<group>"; };
		CDDACAE0279380B700BE0C7C /* astronauts.json */ = {isa = PBXFileReference; fileEncoding = 4; lastKnownFileType = text.json; path = astronauts.json; sourceTree = "<group>"; };
		CDDACAE1279380B800BE0C7C /* missions.json */ = {isa = PBXFileReference; fileEncoding = 4; lastKnownFileType = text.json; path = missions.json; sourceTree = "<group>"; };
		CDDACAE6279382B200BE0C7C /* Color-Theme.swift */ = {isa = PBXFileReference; lastKnownFileType = sourcecode.swift; path = "Color-Theme.swift"; sourceTree = "<group>"; };
/* End PBXFileReference section */

/* Begin PBXFrameworksBuildPhase section */
		CDDACABE2793050200BE0C7C /* Frameworks */ = {
			isa = PBXFrameworksBuildPhase;
			buildActionMask = 2147483647;
			files = (
			);
			runOnlyForDeploymentPostprocessing = 0;
		};
/* End PBXFrameworksBuildPhase section */

/* Begin PBXGroup section */
		CDDACAB82793050200BE0C7C = {
			isa = PBXGroup;
			children = (
				CDDACAC32793050200BE0C7C /* Moonshot */,
				CDDACAC22793050200BE0C7C /* Products */,
			);
			sourceTree = "<group>";
		};
		CDDACAC22793050200BE0C7C /* Products */ = {
			isa = PBXGroup;
			children = (
				CDDACAC12793050200BE0C7C /* Moonshot.app */,
			);
			name = Products;
			sourceTree = "<group>";
		};
		CDDACAC32793050200BE0C7C /* Moonshot */ = {
			isa = PBXGroup;
			children = (
				CDDACAC42793050200BE0C7C /* MoonshotApp.swift */,
				CDDACAC62793050200BE0C7C /* ContentView.swift */,
				CD1C397427943FC2004390DF /* MissionView.swift */,
				CD1C397C2794A5B4004390DF /* DividerView.swift */,
				CD1C39782794A45E004390DF /* CrewView.swift */,
				CDDACAE6279382B200BE0C7C /* Color-Theme.swift */,
				CDDACADC27935A6D00BE0C7C /* Mission.swift */,
				CDDACAC82793050400BE0C7C /* Assets.xcassets */,
				CDDACADA27934F1E00BE0C7C /* Bundle-Decodable.swift */,
				CDDACACB2793050400BE0C7C /* Preview Assets.xcassets */,
				CDDACAD827934E7300BE0C7C /* Astronaut.swift */,
				CDDACAE0279380B700BE0C7C /* astronauts.json */,
				CDDACAE1279380B800BE0C7C /* missions.json */,
				CD1C3976279457DF004390DF /* AstronautView.swift */,
			);
			path = Moonshot;
			sourceTree = "<group>";
		};
/* End PBXGroup section */

/* Begin PBXNativeTarget section */
		CDDACAC02793050200BE0C7C /* Moonshot */ = {
			isa = PBXNativeTarget;
			buildConfigurationList = CDDACACF2793050400BE0C7C /* Build configuration list for PBXNativeTarget "Moonshot" */;
			buildPhases = (
				CDDACABD2793050200BE0C7C /* Sources */,
				CDDACABE2793050200BE0C7C /* Frameworks */,
				CDDACABF2793050200BE0C7C /* Resources */,
			);
			buildRules = (
			);
			dependencies = (
			);
			name = Moonshot;
			productName = Moonshot;
			productReference = CDDACAC12793050200BE0C7C /* Moonshot.app */;
			productType = "com.apple.product-type.application";
		};
/* End PBXNativeTarget section */

/* Begin PBXProject section */
		CDDACAB92793050200BE0C7C /* Project object */ = {
			isa = PBXProject;
			attributes = {
				BuildIndependentTargetsInParallel = 1;
				LastSwiftUpdateCheck = 1320;
				LastUpgradeCheck = 1320;
				TargetAttributes = {
					CDDACAC02793050200BE0C7C = {
						CreatedOnToolsVersion = 13.2.1;
					};
				};
			};
			buildConfigurationList = CDDACABC2793050200BE0C7C /* Build configuration list for PBXProject "Moonshot" */;
			compatibilityVersion = "Xcode 13.0";
			developmentRegion = en;
			hasScannedForEncodings = 0;
			knownRegions = (
				en,
				Base,
			);
			mainGroup = CDDACAB82793050200BE0C7C;
			productRefGroup = CDDACAC22793050200BE0C7C /* Products */;
			projectDirPath = "";
			projectRoot = "";
			targets = (
				CDDACAC02793050200BE0C7C /* Moonshot */,
			);
		};
/* End PBXProject section */

/* Begin PBXResourcesBuildPhase section */
		CDDACABF2793050200BE0C7C /* Resources */ = {
			isa = PBXResourcesBuildPhase;
			buildActionMask = 2147483647;
			files = (
				CDDACAE2279380B800BE0C7C /* astronauts.json in Resources */,
				CDDACACC2793050400BE0C7C /* Preview Assets.xcassets in Resources */,
				CDDACAE3279380B800BE0C7C /* missions.json in Resources */,
				CDDACAC92793050400BE0C7C /* Assets.xcassets in Resources */,
			);
			runOnlyForDeploymentPostprocessing = 0;
		};
/* End PBXResourcesBuildPhase section */

/* Begin PBXSourcesBuildPhase section */
		CDDACABD2793050200BE0C7C /* Sources */ = {
			isa = PBXSourcesBuildPhase;
			buildActionMask = 2147483647;
			files = (
				CD1C397D2794A5B4004390DF /* DividerView.swift in Sources */,
				CD1C397527943FC2004390DF /* MissionView.swift in Sources */,
				CD1C39792794A45E004390DF /* CrewView.swift in Sources */,
				CDDACAD927934E7300BE0C7C /* Astronaut.swift in Sources */,
				CD1C3977279457DF004390DF /* AstronautView.swift in Sources */,
				CDDACAE7279382B200BE0C7C /* Color-Theme.swift in Sources */,
				CDDACAC72793050200BE0C7C /* ContentView.swift in Sources */,
				CDDACAC52793050200BE0C7C /* MoonshotApp.swift in Sources */,
				CDDACADD27935A6D00BE0C7C /* Mission.swift in Sources */,
				CDDACADB27934F1E00BE0C7C /* Bundle-Decodable.swift in Sources */,
			);
			runOnlyForDeploymentPostprocessing = 0;
		};
/* End PBXSourcesBuildPhase section */

/* Begin XCBuildConfiguration section */
		CDDACACD2793050400BE0C7C /* Debug */ = {
			isa = XCBuildConfiguration;
			buildSettings = {
				ALWAYS_SEARCH_USER_PATHS = NO;
				CLANG_ANALYZER_NONNULL = YES;
				CLANG_ANALYZER_NUMBER_OBJECT_CONVERSION = YES_AGGRESSIVE;
				CLANG_CXX_LANGUAGE_STANDARD = "gnu++17";
				CLANG_CXX_LIBRARY = "libc++";
				CLANG_ENABLE_MODULES = YES;
				CLANG_ENABLE_OBJC_ARC = YES;
				CLANG_ENABLE_OBJC_WEAK = YES;
				CLANG_WARN_BLOCK_CAPTURE_AUTORELEASING = YES;
				CLANG_WARN_BOOL_CONVERSION = YES;
				CLANG_WARN_COMMA = YES;
				CLANG_WARN_CONSTANT_CONVERSION = YES;
				CLANG_WARN_DEPRECATED_OBJC_IMPLEMENTATIONS = YES;
				CLANG_WARN_DIRECT_OBJC_ISA_USAGE = YES_ERROR;
				CLANG_WARN_DOCUMENTATION_COMMENTS = YES;
				CLANG_WARN_EMPTY_BODY = YES;
				CLANG_WARN_ENUM_CONVERSION = YES;
				CLANG_WARN_INFINITE_RECURSION = YES;
				CLANG_WARN_INT_CONVERSION = YES;
				CLANG_WARN_NON_LITERAL_NULL_CONVERSION = YES;
				CLANG_WARN_OBJC_IMPLICIT_RETAIN_SELF = YES;
				CLANG_WARN_OBJC_LITERAL_CONVERSION = YES;
				CLANG_WARN_OBJC_ROOT_CLASS = YES_ERROR;
				CLANG_WARN_QUOTED_INCLUDE_IN_FRAMEWORK_HEADER = YES;
				CLANG_WARN_RANGE_LOOP_ANALYSIS = YES;
				CLANG_WARN_STRICT_PROTOTYPES = YES;
				CLANG_WARN_SUSPICIOUS_MOVE = YES;
				CLANG_WARN_UNGUARDED_AVAILABILITY = YES_AGGRESSIVE;
				CLANG_WARN_UNREACHABLE_CODE = YES;
				CLANG_WARN__DUPLICATE_METHOD_MATCH = YES;
				COPY_PHASE_STRIP = NO;
				DEBUG_INFORMATION_FORMAT = dwarf;
				ENABLE_STRICT_OBJC_MSGSEND = YES;
				ENABLE_TESTABILITY = YES;
				GCC_C_LANGUAGE_STANDARD = gnu11;
				GCC_DYNAMIC_NO_PIC = NO;
				GCC_NO_COMMON_BLOCKS = YES;
				GCC_OPTIMIZATION_LEVEL = 0;
				GCC_PREPROCESSOR_DEFINITIONS = (
					"DEBUG=1",
					"$(inherited)",
				);
				GCC_WARN_64_TO_32_BIT_CONVERSION = YES;
				GCC_WARN_ABOUT_RETURN_TYPE = YES_ERROR;
				GCC_WARN_UNDECLARED_SELECTOR = YES;
				GCC_WARN_UNINITIALIZED_AUTOS = YES_AGGRESSIVE;
				GCC_WARN_UNUSED_FUNCTION = YES;
				GCC_WARN_UNUSED_VARIABLE = YES;
				IPHONEOS_DEPLOYMENT_TARGET = 15.2;
				MTL_ENABLE_DEBUG_INFO = INCLUDE_SOURCE;
				MTL_FAST_MATH = YES;
				ONLY_ACTIVE_ARCH = YES;
				SDKROOT = iphoneos;
				SWIFT_ACTIVE_COMPILATION_CONDITIONS = DEBUG;
				SWIFT_OPTIMIZATION_LEVEL = "-Onone";
			};
			name = Debug;
		};
		CDDACACE2793050400BE0C7C /* Release */ = {
			isa = XCBuildConfiguration;
			buildSettings = {
				ALWAYS_SEARCH_USER_PATHS = NO;
				CLANG_ANALYZER_NONNULL = YES;
				CLANG_ANALYZER_NUMBER_OBJECT_CONVERSION = YES_AGGRESSIVE;
				CLANG_CXX_LANGUAGE_STANDARD = "gnu++17";
				CLANG_CXX_LIBRARY = "libc++";
				CLANG_ENABLE_MODULES = YES;
				CLANG_ENABLE_OBJC_ARC = YES;
				CLANG_ENABLE_OBJC_WEAK = YES;
				CLANG_WARN_BLOCK_CAPTURE_AUTORELEASING = YES;
				CLANG_WARN_BOOL_CONVERSION = YES;
				CLANG_WARN_COMMA = YES;
				CLANG_WARN_CONSTANT_CONVERSION = YES;
				CLANG_WARN_DEPRECATED_OBJC_IMPLEMENTATIONS = YES;
				CLANG_WARN_DIRECT_OBJC_ISA_USAGE = YES_ERROR;
				CLANG_WARN_DOCUMENTATION_COMMENTS = YES;
				CLANG_WARN_EMPTY_BODY = YES;
				CLANG_WARN_ENUM_CONVERSION = YES;
				CLANG_WARN_INFINITE_RECURSION = YES;
				CLANG_WARN_INT_CONVERSION = YES;
				CLANG_WARN_NON_LITERAL_NULL_CONVERSION = YES;
				CLANG_WARN_OBJC_IMPLICIT_RETAIN_SELF = YES;
				CLANG_WARN_OBJC_LITERAL_CONVERSION = YES;
				CLANG_WARN_OBJC_ROOT_CLASS = YES_ERROR;
				CLANG_WARN_QUOTED_INCLUDE_IN_FRAMEWORK_HEADER = YES;
				CLANG_WARN_RANGE_LOOP_ANALYSIS = YES;
				CLANG_WARN_STRICT_PROTOTYPES = YES;
				CLANG_WARN_SUSPICIOUS_MOVE = YES;
				CLANG_WARN_UNGUARDED_AVAILABILITY = YES_AGGRESSIVE;
				CLANG_WARN_UNREACHABLE_CODE = YES;
				CLANG_WARN__DUPLICATE_METHOD_MATCH = YES;
				COPY_PHASE_STRIP = NO;
				DEBUG_INFORMATION_FORMAT = "dwarf-with-dsym";
				ENABLE_NS_ASSERTIONS = NO;
				ENABLE_STRICT_OBJC_MSGSEND = YES;
				GCC_C_LANGUAGE_STANDARD = gnu11;
				GCC_NO_COMMON_BLOCKS = YES;
				GCC_WARN_64_TO_32_BIT_CONVERSION = YES;
				GCC_WARN_ABOUT_RETURN_TYPE = YES_ERROR;
				GCC_WARN_UNDECLARED_SELECTOR = YES;
				GCC_WARN_UNINITIALIZED_AUTOS = YES_AGGRESSIVE;
				GCC_WARN_UNUSED_FUNCTION = YES;
				GCC_WARN_UNUSED_VARIABLE = YES;
				IPHONEOS_DEPLOYMENT_TARGET = 15.2;
				MTL_ENABLE_DEBUG_INFO = NO;
				MTL_FAST_MATH = YES;
				SDKROOT = iphoneos;
				SWIFT_COMPILATION_MODE = wholemodule;
				SWIFT_OPTIMIZATION_LEVEL = "-O";
				VALIDATE_PRODUCT = YES;
			};
			name = Release;
		};
		CDDACAD02793050400BE0C7C /* Debug */ = {
			isa = XCBuildConfiguration;
			buildSettings = {
				ASSETCATALOG_COMPILER_APPICON_NAME = AppIcon;
				ASSETCATALOG_COMPILER_GLOBAL_ACCENT_COLOR_NAME = AccentColor;
				CODE_SIGN_STYLE = Automatic;
				CURRENT_PROJECT_VERSION = 1;
				DEVELOPMENT_TEAM = M967Y25A5P;
				ENABLE_PREVIEWS = YES;
				GENERATE_INFOPLIST_FILE = YES;
				INFOPLIST_KEY_UIApplicationSceneManifest_Generation = YES;
				INFOPLIST_KEY_UIApplicationSupportsIndirectInputEvents = YES;
				INFOPLIST_KEY_UILaunchScreen_Generation = YES;
				INFOPLIST_KEY_UISupportedInterfaceOrientations_iPad = "UIInterfaceOrientationPortrait UIInterfaceOrientationPortraitUpsideDown UIInterfaceOrientationLandscapeLeft UIInterfaceOrientationLandscapeRight";
				INFOPLIST_KEY_UISupportedInterfaceOrientations_iPhone = "UIInterfaceOrientationPortrait UIInterfaceOrientationLandscapeLeft UIInterfaceOrientationLandscapeRight";
				LD_RUNPATH_SEARCH_PATHS = (
					"$(inherited)",
					"@executable_path/Frameworks",
				);
				MARKETING_VERSION = 1.0;
				PRODUCT_BUNDLE_IDENTIFIER = pbf.Moonshot;
				PRODUCT_NAME = "$(TARGET_NAME)";
				SWIFT_EMIT_LOC_STRINGS = YES;
				SWIFT_VERSION = 5.0;
				TARGETED_DEVICE_FAMILY = "1,2";
			};
			name = Debug;
		};
		CDDACAD12793050400BE0C7C /* Release */ = {
			isa = XCBuildConfiguration;
			buildSettings = {
				ASSETCATALOG_COMPILER_APPICON_NAME = AppIcon;
				ASSETCATALOG_COMPILER_GLOBAL_ACCENT_COLOR_NAME = AccentColor;
				CODE_SIGN_STYLE = Automatic;
				CURRENT_PROJECT_VERSION = 1;
				DEVELOPMENT_TEAM = M967Y25A5P;
				ENABLE_PREVIEWS = YES;
				GENERATE_INFOPLIST_FILE = YES;
				INFOPLIST_KEY_UIApplicationSceneManifest_Generation = YES;
				INFOPLIST_KEY_UIApplicationSupportsIndirectInputEvents = YES;
				INFOPLIST_KEY_UILaunchScreen_Generation = YES;
				INFOPLIST_KEY_UISupportedInterfaceOrientations_iPad = "UIInterfaceOrientationPortrait UIInterfaceOrientationPortraitUpsideDown UIInterfaceOrientationLandscapeLeft UIInterfaceOrientationLandscapeRight";
				INFOPLIST_KEY_UISupportedInterfaceOrientations_iPhone = "UIInterfaceOrientationPortrait UIInterfaceOrientationLandscapeLeft UIInterfaceOrientationLandscapeRight";
				LD_RUNPATH_SEARCH_PATHS = (
					"$(inherited)",
					"@executable_path/Frameworks",
				);
				MARKETING_VERSION = 1.0;
				PRODUCT_BUNDLE_IDENTIFIER = pbf.Moonshot;
				PRODUCT_NAME = "$(TARGET_NAME)";
				SWIFT_EMIT_LOC_STRINGS = YES;
				SWIFT_VERSION = 5.0;
				TARGETED_DEVICE_FAMILY = "1,2";
			};
			name = Release;
		};
/* End XCBuildConfiguration section */

/* Begin XCConfigurationList section */
		CDDACABC2793050200BE0C7C /* Build configuration list for PBXProject "Moonshot" */ = {
			isa = XCConfigurationList;
			buildConfigurations = (
				CDDACACD2793050400BE0C7C /* Debug */,
				CDDACACE2793050400BE0C7C /* Release */,
			);
			defaultConfigurationIsVisible = 0;
			defaultConfigurationName = Release;
		};
		CDDACACF2793050400BE0C7C /* Build configuration list for PBXNativeTarget "Moonshot" */ = {
			isa = XCConfigurationList;
			buildConfigurations = (
				CDDACAD02793050400BE0C7C /* Debug */,
				CDDACAD12793050400BE0C7C /* Release */,
			);
			defaultConfigurationIsVisible = 0;
			defaultConfigurationName = Release;
		};
/* End XCConfigurationList section */
	};
	rootObject = CDDACAB92793050200BE0C7C /* Project object */;
}
